
Microsoft Visual Studio Solution File, Format Version 12.00
# Visual Studio Version 17
VisualStudioVersion = 17.0.31903.59
MinimumVisualStudioVersion = 10.0.40219.1
Project("{FAE04EC0-301F-11D3-BF4B-00C04F79EFBC}") = "SimpleTodoList.API", "SimpleTodoList.API\SimpleTodoList.API.csproj", "{8D326D60-1ECA-48B1-9BE2-30AD9152CEC9}"
EndProject
Project("{FAE04EC0-301F-11D3-BF4B-00C04F79EFBC}") = "SimpleTodoList.Core", "SimpleTodoList.Core\SimpleTodoList.Core.csproj", "{F94A19A6-5DB9-4664-9D4E-1B6BDCF6EC05}"
EndProject
Project("{FAE04EC0-301F-11D3-BF4B-00C04F79EFBC}") = "SimpleTodoList.Infra", "SimpleTodoList.Infra\SimpleTodoList.Infra.csproj", "{9ADED9E3-F23E-4E81-829D-078EB4CACDFE}"
EndProject
Project("{FAE04EC0-301F-11D3-BF4B-00C04F79EFBC}") = "SimpleTodoList.App", "SimpleTodoList.App\SimpleTodoList.App.csproj", "{7707DD50-55F8-444F-B7B9-6B66A1A7B310}"
EndProject
Global
	GlobalSection(SolutionConfigurationPlatforms) = preSolution
		Debug|Any CPU = Debug|Any CPU
		Release|Any CPU = Release|Any CPU
	EndGlobalSection
	GlobalSection(SolutionProperties) = preSolution
		HideSolutionNode = FALSE
	EndGlobalSection
	GlobalSection(ProjectConfigurationPlatforms) = postSolution
		{8D326D60-1ECA-48B1-9BE2-30AD9152CEC9}.Debug|Any CPU.ActiveCfg = Debug|Any CPU
		{8D326D60-1ECA-48B1-9BE2-30AD9152CEC9}.Debug|Any CPU.Build.0 = Debug|Any CPU
		{8D326D60-1ECA-48B1-9BE2-30AD9152CEC9}.Release|Any CPU.ActiveCfg = Release|Any CPU
		{8D326D60-1ECA-48B1-9BE2-30AD9152CEC9}.Release|Any CPU.Build.0 = Release|Any CPU
		{F94A19A6-5DB9-4664-9D4E-1B6BDCF6EC05}.Debug|Any CPU.ActiveCfg = Debug|Any CPU
		{F94A19A6-5DB9-4664-9D4E-1B6BDCF6EC05}.Debug|Any CPU.Build.0 = Debug|Any CPU
		{F94A19A6-5DB9-4664-9D4E-1B6BDCF6EC05}.Release|Any CPU.ActiveCfg = Release|Any CPU
		{F94A19A6-5DB9-4664-9D4E-1B6BDCF6EC05}.Release|Any CPU.Build.0 = Release|Any CPU
		{9ADED9E3-F23E-4E81-829D-078EB4CACDFE}.Debug|Any CPU.ActiveCfg = Debug|Any CPU
		{9ADED9E3-F23E-4E81-829D-078EB4CACDFE}.Debug|Any CPU.Build.0 = Debug|Any CPU
		{9ADED9E3-F23E-4E81-829D-078EB4CACDFE}.Release|Any CPU.ActiveCfg = Release|Any CPU
		{9ADED9E3-F23E-4E81-829D-078EB4CACDFE}.Release|Any CPU.Build.0 = Release|Any CPU
		{7707DD50-55F8-444F-B7B9-6B66A1A7B310}.Debug|Any CPU.ActiveCfg = Debug|Any CPU
		{7707DD50-55F8-444F-B7B9-6B66A1A7B310}.Debug|Any CPU.Build.0 = Debug|Any CPU
		{7707DD50-55F8-444F-B7B9-6B66A1A7B310}.Release|Any CPU.ActiveCfg = Release|Any CPU
		{7707DD50-55F8-444F-B7B9-6B66A1A7B310}.Release|Any CPU.Build.0 = Release|Any CPU
	EndGlobalSection
EndGlobal
